
Microsoft Visual Studio Solution File, Format Version 12.00
# Visual Studio Version 16
VisualStudioVersion = 16.0.33927.289
MinimumVisualStudioVersion = 10.0.40219.1
Project("{FAE04EC0-301F-11D3-BF4B-00C04F79EFBC}") = "Aaron-Rash-CPT-206-Lab-1", "Aaron-Rash-CPT-206-Lab-1\Aaron-Rash-CPT-206-Lab-1.csproj", "{0C029C57-8D30-4131-8ABB-2590027EC5F9}"
EndProject
Global
	GlobalSection(SolutionConfigurationPlatforms) = preSolution
		Debug|Any CPU = Debug|Any CPU
		Release|Any CPU = Release|Any CPU
	EndGlobalSection
	GlobalSection(ProjectConfigurationPlatforms) = postSolution
		{0C029C57-8D30-4131-8ABB-2590027EC5F9}.Debug|Any CPU.ActiveCfg = Debug|Any CPU
		{0C029C57-8D30-4131-8ABB-2590027EC5F9}.Debug|Any CPU.Build.0 = Debug|Any CPU
		{0C029C57-8D30-4131-8ABB-2590027EC5F9}.Release|Any CPU.ActiveCfg = Release|Any CPU
		{0C029C57-8D30-4131-8ABB-2590027EC5F9}.Release|Any CPU.Build.0 = Release|Any CPU
	EndGlobalSection
	GlobalSection(SolutionProperties) = preSolution
		HideSolutionNode = FALSE
	EndGlobalSection
	GlobalSection(ExtensibilityGlobals) = postSolution
		SolutionGuid = {D9F3FDFB-7829-4AEE-A808-E707D55D949A}
	EndGlobalSection
EndGlobal
